
Microsoft Visual Studio Solution File, Format Version 12.00
# Visual Studio Version 17
VisualStudioVersion = 17.5.33530.505
MinimumVisualStudioVersion = 10.0.40219.1
Project("{54A90642-561A-4BB1-A94E-469ADEE60C69}") = "reactapp", "reactapp\reactapp.esproj", "{225C77B1-DEBE-4400-9FA2-9015A0E487AD}"
	ProjectSection(ProjectDependencies) = postProject
		{C66D2A6C-6FA9-4782-B3B0-3BF91027ECFC} = {C66D2A6C-6FA9-4782-B3B0-3BF91027ECFC}
	EndProjectSection
EndProject
Project("{9A19103F-16F7-4668-BE54-9A1E7A4F7556}") = "webapi", "webapi\webapi.csproj", "{C66D2A6C-6FA9-4782-B3B0-3BF91027ECFC}"
EndProject
Global
	GlobalSection(SolutionConfigurationPlatforms) = preSolution
		Debug|Any CPU = Debug|Any CPU
		Release|Any CPU = Release|Any CPU
	EndGlobalSection
	GlobalSection(ProjectConfigurationPlatforms) = postSolution
		{225C77B1-DEBE-4400-9FA2-9015A0E487AD}.Debug|Any CPU.ActiveCfg = Debug|Any CPU
		{225C77B1-DEBE-4400-9FA2-9015A0E487AD}.Debug|Any CPU.Build.0 = Debug|Any CPU
		{225C77B1-DEBE-4400-9FA2-9015A0E487AD}.Debug|Any CPU.Deploy.0 = Debug|Any CPU
		{225C77B1-DEBE-4400-9FA2-9015A0E487AD}.Release|Any CPU.ActiveCfg = Release|Any CPU
		{225C77B1-DEBE-4400-9FA2-9015A0E487AD}.Release|Any CPU.Build.0 = Release|Any CPU
		{225C77B1-DEBE-4400-9FA2-9015A0E487AD}.Release|Any CPU.Deploy.0 = Release|Any CPU
		{C66D2A6C-6FA9-4782-B3B0-3BF91027ECFC}.Debug|Any CPU.ActiveCfg = Debug|Any CPU
		{C66D2A6C-6FA9-4782-B3B0-3BF91027ECFC}.Debug|Any CPU.Build.0 = Debug|Any CPU
		{C66D2A6C-6FA9-4782-B3B0-3BF91027ECFC}.Release|Any CPU.ActiveCfg = Release|Any CPU
		{C66D2A6C-6FA9-4782-B3B0-3BF91027ECFC}.Release|Any CPU.Build.0 = Release|Any CPU
	EndGlobalSection
	GlobalSection(SolutionProperties) = preSolution
		HideSolutionNode = FALSE
	EndGlobalSection
	GlobalSection(ExtensibilityGlobals) = postSolution
		SolutionGuid = {49BA3A4F-7071-421A-B44F-F41AF4E2BB77}
	EndGlobalSection
EndGlobal
